{
	"name": "paper-trail-api",
	"version": "1.0.0",
	"lockfileVersion": 3,
	"requires": true,
	"packages": {
		"": {
			"name": "paper-trail-api",
			"version": "1.0.0",
			"dependencies": {
				"hono": "^4.12.7",
				"stripe": "^20.4.1"
			}
		},
		"node_modules/hono": {
			"version": "4.12.7",
			"resolved": "https://registry.npmjs.org/hono/-/hono-4.12.7.tgz",
			"integrity": "sha512-jq9l1DM0zVIvsm3lv9Nw9nlJnMNPOcAtsbsgiUhWcFzPE99Gvo6yRTlszSLLYacMeQ6quHD6hMfId8crVHvexw==",
			"license": "MIT",
			"engines": {
				"node": ">=16.9.0"
			}
		},
		"node_modules/stripe": {
			"version": "20.4.1",
			"resolved": "https://registry.npmjs.org/stripe/-/stripe-20.4.1.tgz",
			"integrity": "sha512-axCguHItc8Sxt0HC6aSkdVRPffjYPV7EQqZRb2GkIa8FzWDycE7nHJM19C6xAIynH1Qp1/BHiopSi96jGBxT0w==",
			"license": "MIT",
			"engines": {
				"node": ">=16"
			},
			"peerDependencies": {
				"@types/node": ">=16"
			},
			"peerDependenciesMeta": {
				"@types/node": {
					"optional": true
				}
			}
		}
	}
}
